github.com/go-sql-driver/mysql v1.7.0 h1:ueSltNNllEqE3qcWBTD0iQd3IpL/6U+mJxLkazJ7YPc=
github.com/go-sql-driver/mysql v1.7.0/go.mod h1:OXbVy3sEdcQ2Doequ6Z5BW6fXNQTmx+9S1MCJN5yJMI=
github.com/jinzhu/inflection v1.0.0 h1:K317FqzuhWc8YvSVlFMCCUb36O/S9MCKRDI7QkRKD/E=
github.com/jinzhu/inflection v1.0.0/go.mod h1:h+uFLlag+Qp1Va5pdKtLDYj+kHp5pxUVkryuEj+Srlc=
github.com/jinzhu/now v1.1.5 h1:/o9tlHleP7gOFmsnYNz3RGnqzefHA47wQpKrrdTIwXQ=
github.com/jinzhu/now v1.1.5/go.mod h1:d3SSVoowX0Lcu0IBviAWJpolVfI5UJVZZ7cO71lE/z8=
gorm.io/driver/mysql v1.5.1 h1:WUEH5VF9obL/lTtzjmML/5e6VfFR/788coz2uaVCAZw=
gorm.io/driver/mysql v1.5.1/go.mod h1:Jo3Xu7mMhCyj8dlrb3WoCaRd1FhsVh+yMXb1jUInf5o=
gorm.io/gorm v1.25.1/go.mod h1:L4uxeKpfBml98NYqVqwAdmV1a2nBtAec/cf3fpucW/k=
gorm.io/gorm v1.25.2 h1:gs1o6Vsa+oVKG/a9ElL3XgyGfghFfkKA2SInQaCyMho=
gorm.io/gorm v1.25.2/go.mod h1:L4uxeKpfBml98NYqVqwAdmV1a2nBtAec/cf3fpucW/k=
